// !$*UTF8*$!
{
	archiveVersion = 1;
	classes = {
	};
	objectVersion = 48;
	objects = {

/* Begin PBXBuildFile section */
		B3243AD9202AF7CE00D0ABD3 /* PandaTiileOverlay.swift in Sources */ = {isa = PBXBuildFile; fileRef = B3243AD8202AF7CE00D0ABD3 /* PandaTiileOverlay.swift */; };
		B3243ADB202AF7D000D0ABD3 /* TiileOverlay.swift in Sources */ = {isa = PBXBuildFile; fileRef = B3243ADA202AF7D000D0ABD3 /* TiileOverlay.swift */; };
		B3243ADF202E5D7700D0ABD3 /* RTUser.swift in Sources */ = {isa = PBXBuildFile; fileRef = B3243ADE202E5D7700D0ABD3 /* RTUser.swift */; };
		B3243AE12032895700D0ABD3 /* RTOrder.swift in Sources */ = {isa = PBXBuildFile; fileRef = B3243AE02032895700D0ABD3 /* RTOrder.swift */; };
		B3243AE420328D1700D0ABD3 /* RTVehicleOrderController.swift in Sources */ = {isa = PBXBuildFile; fileRef = B3243AE320328D1700D0ABD3 /* RTVehicleOrderController.swift */; };
		B3243AE72032BC6200D0ABD3 /* RTVehicle.swift in Sources */ = {isa = PBXBuildFile; fileRef = B3243AE62032BC6200D0ABD3 /* RTVehicle.swift */; };
		B32E58452026BFD0007974B9 /* RTLoginViewController.swift in Sources */ = {isa = PBXBuildFile; fileRef = B32E58442026BFD0007974B9 /* RTLoginViewController.swift */; };
		B32E58472026BFE4007974B9 /* RTRegisterViewController.swift in Sources */ = {isa = PBXBuildFile; fileRef = B32E58462026BFE4007974B9 /* RTRegisterViewController.swift */; };
		B32E58492026BFF7007974B9 /* RTMainScreenViewController.swift in Sources */ = {isa = PBXBuildFile; fileRef = B32E58482026BFF7007974B9 /* RTMainScreenViewController.swift */; };
		B32E584C2026FE25007974B9 /* MapKit.framework in Frameworks */ = {isa = PBXBuildFile; fileRef = B32E584B2026FE25007974B9 /* MapKit.framework */; };
		B340B0082027C8F900C66128 /* RTNetworkController.swift in Sources */ = {isa = PBXBuildFile; fileRef = B340B0072027C8F900C66128 /* RTNetworkController.swift */; };
		B340B00C20282EB200C66128 /* KeychainTools.swift in Sources */ = {isa = PBXBuildFile; fileRef = B340B00B20282EB200C66128 /* KeychainTools.swift */; };
		B3A440C62025A9F4005DC45C /* AppDelegate.swift in Sources */ = {isa = PBXBuildFile; fileRef = B3A440C52025A9F4005DC45C /* AppDelegate.swift */; };
		B3A440C82025A9F4005DC45C /* RTWelcomeViewController.swift in Sources */ = {isa = PBXBuildFile; fileRef = B3A440C72025A9F4005DC45C /* RTWelcomeViewController.swift */; };
		B3A440CB2025A9F4005DC45C /* Main.storyboard in Resources */ = {isa = PBXBuildFile; fileRef = B3A440C92025A9F4005DC45C /* Main.storyboard */; };
		B3A440CD2025A9F4005DC45C /* Assets.xcassets in Resources */ = {isa = PBXBuildFile; fileRef = B3A440CC2025A9F4005DC45C /* Assets.xcassets */; };
		B3A440D02025A9F4005DC45C /* LaunchScreen.storyboard in Resources */ = {isa = PBXBuildFile; fileRef = B3A440CE2025A9F4005DC45C /* LaunchScreen.storyboard */; };
		B3A440DB2025A9F4005DC45C /* RoboTaxi_AppTests.swift in Sources */ = {isa = PBXBuildFile; fileRef = B3A440DA2025A9F4005DC45C /* RoboTaxi_AppTests.swift */; };
		B3F9B5362044BA9100551891 /* RTVehicleController.swift in Sources */ = {isa = PBXBuildFile; fileRef = B3F9B5352044BA9100551891 /* RTVehicleController.swift */; };
		B3F9B53A2044BE5900551891 /* RTVehicleAnnotation.swift in Sources */ = {isa = PBXBuildFile; fileRef = B3F9B5392044BE5900551891 /* RTVehicleAnnotation.swift */; };
		B3F9B53F2044BF1E00551891 /* RTVehicleAnnotationView.swift in Sources */ = {isa = PBXBuildFile; fileRef = B3F9B53E2044BF1E00551891 /* RTVehicleAnnotationView.swift */; };
/* End PBXBuildFile section */

/* Begin PBXContainerItemProxy section */
		B3A440D72025A9F4005DC45C /* PBXContainerItemProxy */ = {
			isa = PBXContainerItemProxy;
			containerPortal = B3A440BA2025A9F4005DC45C /* Project object */;
			proxyType = 1;
			remoteGlobalIDString = B3A440C12025A9F4005DC45C;
			remoteInfo = RoboTaxi_App;
		};
/* End PBXContainerItemProxy section */

/* Begin PBXFileReference section */
		B3243AD8202AF7CE00D0ABD3 /* PandaTiileOverlay.swift */ = {isa = PBXFileReference; lastKnownFileType = sourcecode.swift; path = PandaTiileOverlay.swift; sourceTree = "<group>"; };
		B3243ADA202AF7D000D0ABD3 /* TiileOverlay.swift */ = {isa = PBXFileReference; lastKnownFileType = sourcecode.swift; path = TiileOverlay.swift; sourceTree = "<group>"; };
		B3243ADE202E5D7700D0ABD3 /* RTUser.swift */ = {isa = PBXFileReference; lastKnownFileType = sourcecode.swift; path = RTUser.swift; sourceTree = "<group>"; };
		B3243AE02032895700D0ABD3 /* RTOrder.swift */ = {isa = PBXFileReference; lastKnownFileType = sourcecode.swift; path = RTOrder.swift; sourceTree = "<group>"; };
		B3243AE320328D1700D0ABD3 /* RTVehicleOrderController.swift */ = {isa = PBXFileReference; lastKnownFileType = sourcecode.swift; path = RTVehicleOrderController.swift; sourceTree = "<group>"; };
		B3243AE62032BC6200D0ABD3 /* RTVehicle.swift */ = {isa = PBXFileReference; lastKnownFileType = sourcecode.swift; path = RTVehicle.swift; sourceTree = "<group>"; };
		B32E58442026BFD0007974B9 /* RTLoginViewController.swift */ = {isa = PBXFileReference; lastKnownFileType = sourcecode.swift; path = RTLoginViewController.swift; sourceTree = "<group>"; };
		B32E58462026BFE4007974B9 /* RTRegisterViewController.swift */ = {isa = PBXFileReference; lastKnownFileType = sourcecode.swift; path = RTRegisterViewController.swift; sourceTree = "<group>"; };
		B32E58482026BFF7007974B9 /* RTMainScreenViewController.swift */ = {isa = PBXFileReference; lastKnownFileType = sourcecode.swift; path = RTMainScreenViewController.swift; sourceTree = "<group>"; };
		B32E584B2026FE25007974B9 /* MapKit.framework */ = {isa = PBXFileReference; lastKnownFileType = wrapper.framework; name = MapKit.framework; path = System/Library/Frameworks/MapKit.framework; sourceTree = SDKROOT; };
		B340B0072027C8F900C66128 /* RTNetworkController.swift */ = {isa = PBXFileReference; lastKnownFileType = sourcecode.swift; path = RTNetworkController.swift; sourceTree = "<group>"; };
		B340B00B20282EB200C66128 /* KeychainTools.swift */ = {isa = PBXFileReference; lastKnownFileType = sourcecode.swift; path = KeychainTools.swift; sourceTree = "<group>"; };
		B3A440C22025A9F4005DC45C /* RoboTaxi_App.app */ = {isa = PBXFileReference; explicitFileType = wrapper.application; includeInIndex = 0; path = RoboTaxi_App.app; sourceTree = BUILT_PRODUCTS_DIR; };
		B3A440C52025A9F4005DC45C /* AppDelegate.swift */ = {isa = PBXFileReference; lastKnownFileType = sourcecode.swift; path = AppDelegate.swift; sourceTree = "<group>"; };
		B3A440C72025A9F4005DC45C /* RTWelcomeViewController.swift */ = {isa = PBXFileReference; lastKnownFileType = sourcecode.swift; path = RTWelcomeViewController.swift; sourceTree = "<group>"; };
		B3A440CA2025A9F4005DC45C /* Base */ = {isa = PBXFileReference; lastKnownFileType = file.storyboard; name = Base; path = Base.lproj/Main.storyboard; sourceTree = "<group>"; };
		B3A440CC2025A9F4005DC45C /* Assets.xcassets */ = {isa = PBXFileReference; lastKnownFileType = folder.assetcatalog; path = Assets.xcassets; sourceTree = "<group>"; };
		B3A440CF2025A9F4005DC45C /* Base */ = {isa = PBXFileReference; lastKnownFileType = file.storyboard; name = Base; path = Base.lproj/LaunchScreen.storyboard; sourceTree = "<group>"; };
		B3A440D12025A9F4005DC45C /* Info.plist */ = {isa = PBXFileReference; lastKnownFileType = text.plist.xml; path = Info.plist; sourceTree = "<group>"; };
		B3A440D62025A9F4005DC45C /* RoboTaxi_AppTests.xctest */ = {isa = PBXFileReference; explicitFileType = wrapper.cfbundle; includeInIndex = 0; path = RoboTaxi_AppTests.xctest; sourceTree = BUILT_PRODUCTS_DIR; };
		B3A440DA2025A9F4005DC45C /* RoboTaxi_AppTests.swift */ = {isa = PBXFileReference; lastKnownFileType = sourcecode.swift; path = RoboTaxi_AppTests.swift; sourceTree = "<group>"; };
		B3A440DC2025A9F4005DC45C /* Info.plist */ = {isa = PBXFileReference; lastKnownFileType = text.plist.xml; path = Info.plist; sourceTree = "<group>"; };
		B3F9B5352044BA9100551891 /* RTVehicleController.swift */ = {isa = PBXFileReference; lastKnownFileType = sourcecode.swift; path = RTVehicleController.swift; sourceTree = "<group>"; };
		B3F9B5392044BE5900551891 /* RTVehicleAnnotation.swift */ = {isa = PBXFileReference; lastKnownFileType = sourcecode.swift; path = RTVehicleAnnotation.swift; sourceTree = "<group>"; };
		B3F9B53E2044BF1E00551891 /* RTVehicleAnnotationView.swift */ = {isa = PBXFileReference; lastKnownFileType = sourcecode.swift; path = RTVehicleAnnotationView.swift; sourceTree = "<group>"; };
/* End PBXFileReference section */

/* Begin PBXFrameworksBuildPhase section */
		B3A440BF2025A9F4005DC45C /* Frameworks */ = {
			isa = PBXFrameworksBuildPhase;
			buildActionMask = 2147483647;
			files = (
				B32E584C2026FE25007974B9 /* MapKit.framework in Frameworks */,
			);
			runOnlyForDeploymentPostprocessing = 0;
		};
		B3A440D32025A9F4005DC45C /* Frameworks */ = {
			isa = PBXFrameworksBuildPhase;
			buildActionMask = 2147483647;
			files = (
			);
			runOnlyForDeploymentPostprocessing = 0;
		};
/* End PBXFrameworksBuildPhase section */

/* Begin PBXGroup section */
		B3243ADC202AF7EE00D0ABD3 /* CustomMap */ = {
			isa = PBXGroup;
			children = (
				B3243AD8202AF7CE00D0ABD3 /* PandaTiileOverlay.swift */,
				B3243ADA202AF7D000D0ABD3 /* TiileOverlay.swift */,
			);
			path = CustomMap;
			sourceTree = "<group>";
		};
		B3243ADD202E5D5400D0ABD3 /* Models */ = {
			isa = PBXGroup;
			children = (
				B3243ADE202E5D7700D0ABD3 /* RTUser.swift */,
				B3243AE02032895700D0ABD3 /* RTOrder.swift */,
				B3243AE62032BC6200D0ABD3 /* RTVehicle.swift */,
			);
			path = Models;
			sourceTree = "<group>";
		};
		B3243AE220328CA600D0ABD3 /* Controllers */ = {
			isa = PBXGroup;
			children = (
				B340B00B20282EB200C66128 /* KeychainTools.swift */,
				B340B0072027C8F900C66128 /* RTNetworkController.swift */,
				B3243AE320328D1700D0ABD3 /* RTVehicleOrderController.swift */,
				B3F9B5352044BA9100551891 /* RTVehicleController.swift */,
			);
			path = Controllers;
			sourceTree = "<group>";
		};
		B3243AE520328D3100D0ABD3 /* Interface */ = {
			isa = PBXGroup;
			children = (
				B3F9B5382044BDF500551891 /* Vehicle Annotations */,
				B3A440C72025A9F4005DC45C /* RTWelcomeViewController.swift */,
				B32E58442026BFD0007974B9 /* RTLoginViewController.swift */,
				B32E58462026BFE4007974B9 /* RTRegisterViewController.swift */,
				B32E58482026BFF7007974B9 /* RTMainScreenViewController.swift */,
			);
			path = Interface;
			sourceTree = "<group>";
		};
		B32E584A2026FE25007974B9 /* Frameworks */ = {
			isa = PBXGroup;
			children = (
				B32E584B2026FE25007974B9 /* MapKit.framework */,
			);
			name = Frameworks;
			sourceTree = "<group>";
		};
		B3A440B92025A9F4005DC45C = {
			isa = PBXGroup;
			children = (
				B3A440C42025A9F4005DC45C /* RoboTaxi_App */,
				B3A440D92025A9F4005DC45C /* RoboTaxi_AppTests */,
				B3A440C32025A9F4005DC45C /* Products */,
				B32E584A2026FE25007974B9 /* Frameworks */,
			);
			sourceTree = "<group>";
		};
		B3A440C32025A9F4005DC45C /* Products */ = {
			isa = PBXGroup;
			children = (
				B3A440C22025A9F4005DC45C /* RoboTaxi_App.app */,
				B3A440D62025A9F4005DC45C /* RoboTaxi_AppTests.xctest */,
			);
			name = Products;
			sourceTree = "<group>";
		};
		B3A440C42025A9F4005DC45C /* RoboTaxi_App */ = {
			isa = PBXGroup;
			children = (
				B3243AE520328D3100D0ABD3 /* Interface */,
				B3243AE220328CA600D0ABD3 /* Controllers */,
				B3243ADD202E5D5400D0ABD3 /* Models */,
				B3243ADC202AF7EE00D0ABD3 /* CustomMap */,
				B3A440C52025A9F4005DC45C /* AppDelegate.swift */,
				B3A440C92025A9F4005DC45C /* Main.storyboard */,
				B3A440CC2025A9F4005DC45C /* Assets.xcassets */,
				B3A440CE2025A9F4005DC45C /* LaunchScreen.storyboard */,
				B3A440D12025A9F4005DC45C /* Info.plist */,
			);
			path = RoboTaxi_App;
			sourceTree = "<group>";
		};
		B3A440D92025A9F4005DC45C /* RoboTaxi_AppTests */ = {
			isa = PBXGroup;
			children = (
				B3A440DA2025A9F4005DC45C /* RoboTaxi_AppTests.swift */,
				B3A440DC2025A9F4005DC45C /* Info.plist */,
			);
			path = RoboTaxi_AppTests;
			sourceTree = "<group>";
		};
		B3F9B5382044BDF500551891 /* Vehicle Annotations */ = {
			isa = PBXGroup;
			children = (
				B3F9B5392044BE5900551891 /* RTVehicleAnnotation.swift */,
				B3F9B53E2044BF1E00551891 /* RTVehicleAnnotationView.swift */,
			);
			path = "Vehicle Annotations";
			sourceTree = "<group>";
		};
/* End PBXGroup section */

/* Begin PBXNativeTarget section */
		B3A440C12025A9F4005DC45C /* RoboTaxi_App */ = {
			isa = PBXNativeTarget;
			buildConfigurationList = B3A440DF2025A9F4005DC45C /* Build configuration list for PBXNativeTarget "RoboTaxi_App" */;
			buildPhases = (
				B3A440BE2025A9F4005DC45C /* Sources */,
				B3A440BF2025A9F4005DC45C /* Frameworks */,
				B3A440C02025A9F4005DC45C /* Resources */,
			);
			buildRules = (
			);
			dependencies = (
			);
			name = RoboTaxi_App;
			productName = RoboTaxi_App;
			productReference = B3A440C22025A9F4005DC45C /* RoboTaxi_App.app */;
			productType = "com.apple.product-type.application";
		};
		B3A440D52025A9F4005DC45C /* RoboTaxi_AppTests */ = {
			isa = PBXNativeTarget;
			buildConfigurationList = B3A440E22025A9F4005DC45C /* Build configuration list for PBXNativeTarget "RoboTaxi_AppTests" */;
			buildPhases = (
				B3A440D22025A9F4005DC45C /* Sources */,
				B3A440D32025A9F4005DC45C /* Frameworks */,
				B3A440D42025A9F4005DC45C /* Resources */,
			);
			buildRules = (
			);
			dependencies = (
				B3A440D82025A9F4005DC45C /* PBXTargetDependency */,
			);
			name = RoboTaxi_AppTests;
			productName = RoboTaxi_AppTests;
			productReference = B3A440D62025A9F4005DC45C /* RoboTaxi_AppTests.xctest */;
			productType = "com.apple.product-type.bundle.unit-test";
		};
/* End PBXNativeTarget section */

/* Begin PBXProject section */
		B3A440BA2025A9F4005DC45C /* Project object */ = {
			isa = PBXProject;
			attributes = {
				LastSwiftUpdateCheck = 0920;
				LastUpgradeCheck = 0920;
				ORGANIZATIONNAME = WeGo;
				TargetAttributes = {
					B3A440C12025A9F4005DC45C = {
						CreatedOnToolsVersion = 9.2;
						ProvisioningStyle = Automatic;
					};
					B3A440D52025A9F4005DC45C = {
						CreatedOnToolsVersion = 9.2;
						ProvisioningStyle = Automatic;
						TestTargetID = B3A440C12025A9F4005DC45C;
					};
				};
			};
			buildConfigurationList = B3A440BD2025A9F4005DC45C /* Build configuration list for PBXProject "RoboTaxi_App" */;
			compatibilityVersion = "Xcode 8.0";
			developmentRegion = en;
			hasScannedForEncodings = 0;
			knownRegions = (
				en,
				Base,
			);
			mainGroup = B3A440B92025A9F4005DC45C;
			productRefGroup = B3A440C32025A9F4005DC45C /* Products */;
			projectDirPath = "";
			projectRoot = "";
			targets = (
				B3A440C12025A9F4005DC45C /* RoboTaxi_App */,
				B3A440D52025A9F4005DC45C /* RoboTaxi_AppTests */,
			);
		};
/* End PBXProject section */

/* Begin PBXResourcesBuildPhase section */
		B3A440C02025A9F4005DC45C /* Resources */ = {
			isa = PBXResourcesBuildPhase;
			buildActionMask = 2147483647;
			files = (
				B3A440D02025A9F4005DC45C /* LaunchScreen.storyboard in Resources */,
				B3A440CD2025A9F4005DC45C /* Assets.xcassets in Resources */,
				B3A440CB2025A9F4005DC45C /* Main.storyboard in Resources */,
			);
			runOnlyForDeploymentPostprocessing = 0;
		};
		B3A440D42025A9F4005DC45C /* Resources */ = {
			isa = PBXResourcesBuildPhase;
			buildActionMask = 2147483647;
			files = (
			);
			runOnlyForDeploymentPostprocessing = 0;
		};
/* End PBXResourcesBuildPhase section */

/* Begin PBXSourcesBuildPhase section */
		B3A440BE2025A9F4005DC45C /* Sources */ = {
			isa = PBXSourcesBuildPhase;
			buildActionMask = 2147483647;
			files = (
				B32E58452026BFD0007974B9 /* RTLoginViewController.swift in Sources */,
				B3243ADB202AF7D000D0ABD3 /* TiileOverlay.swift in Sources */,
				B3F9B5362044BA9100551891 /* RTVehicleController.swift in Sources */,
				B3A440C82025A9F4005DC45C /* RTWelcomeViewController.swift in Sources */,
				B3F9B53F2044BF1E00551891 /* RTVehicleAnnotationView.swift in Sources */,
				B3243AE420328D1700D0ABD3 /* RTVehicleOrderController.swift in Sources */,
				B32E58492026BFF7007974B9 /* RTMainScreenViewController.swift in Sources */,
				B3243AE12032895700D0ABD3 /* RTOrder.swift in Sources */,
				B3A440C62025A9F4005DC45C /* AppDelegate.swift in Sources */,
				B340B0082027C8F900C66128 /* RTNetworkController.swift in Sources */,
				B3F9B53A2044BE5900551891 /* RTVehicleAnnotation.swift in Sources */,
				B3243AE72032BC6200D0ABD3 /* RTVehicle.swift in Sources */,
				B340B00C20282EB200C66128 /* KeychainTools.swift in Sources */,
				B32E58472026BFE4007974B9 /* RTRegisterViewController.swift in Sources */,
				B3243ADF202E5D7700D0ABD3 /* RTUser.swift in Sources */,
				B3243AD9202AF7CE00D0ABD3 /* PandaTiileOverlay.swift in Sources */,
			);
			runOnlyForDeploymentPostprocessing = 0;
		};
		B3A440D22025A9F4005DC45C /* Sources */ = {
			isa = PBXSourcesBuildPhase;
			buildActionMask = 2147483647;
			files = (
				B3A440DB2025A9F4005DC45C /* RoboTaxi_AppTests.swift in Sources */,
			);
			runOnlyForDeploymentPostprocessing = 0;
		};
/* End PBXSourcesBuildPhase section */

/* Begin PBXTargetDependency section */
		B3A440D82025A9F4005DC45C /* PBXTargetDependency */ = {
			isa = PBXTargetDependency;
			target = B3A440C12025A9F4005DC45C /* RoboTaxi_App */;
			targetProxy = B3A440D72025A9F4005DC45C /* PBXContainerItemProxy */;
		};
/* End PBXTargetDependency section */

/* Begin PBXVariantGroup section */
		B3A440C92025A9F4005DC45C /* Main.storyboard */ = {
			isa = PBXVariantGroup;
			children = (
				B3A440CA2025A9F4005DC45C /* Base */,
			);
			name = Main.storyboard;
			sourceTree = "<group>";
		};
		B3A440CE2025A9F4005DC45C /* LaunchScreen.storyboard */ = {
			isa = PBXVariantGroup;
			children = (
				B3A440CF2025A9F4005DC45C /* Base */,
			);
			name = LaunchScreen.storyboard;
			sourceTree = "<group>";
		};
/* End PBXVariantGroup section */

/* Begin XCBuildConfiguration section */
		B3A440DD2025A9F4005DC45C /* Debug */ = {
			isa = XCBuildConfiguration;
			buildSettings = {
				ALWAYS_SEARCH_USER_PATHS = NO;
				CLANG_ANALYZER_NONNULL = YES;
				CLANG_ANALYZER_NUMBER_OBJECT_CONVERSION = YES_AGGRESSIVE;
				CLANG_CXX_LANGUAGE_STANDARD = "gnu++14";
				CLANG_CXX_LIBRARY = "libc++";
				CLANG_ENABLE_MODULES = YES;
				CLANG_ENABLE_OBJC_ARC = YES;
				CLANG_WARN_BLOCK_CAPTURE_AUTORELEASING = YES;
				CLANG_WARN_BOOL_CONVERSION = YES;
				CLANG_WARN_COMMA = YES;
				CLANG_WARN_CONSTANT_CONVERSION = YES;
				CLANG_WARN_DIRECT_OBJC_ISA_USAGE = YES_ERROR;
				CLANG_WARN_DOCUMENTATION_COMMENTS = YES;
				CLANG_WARN_EMPTY_BODY = YES;
				CLANG_WARN_ENUM_CONVERSION = YES;
				CLANG_WARN_INFINITE_RECURSION = YES;
				CLANG_WARN_INT_CONVERSION = YES;
				CLANG_WARN_NON_LITERAL_NULL_CONVERSION = YES;
				CLANG_WARN_OBJC_LITERAL_CONVERSION = YES;
				CLANG_WARN_OBJC_ROOT_CLASS = YES_ERROR;
				CLANG_WARN_RANGE_LOOP_ANALYSIS = YES;
				CLANG_WARN_STRICT_PROTOTYPES = YES;
				CLANG_WARN_SUSPICIOUS_MOVE = YES;
				CLANG_WARN_UNGUARDED_AVAILABILITY = YES_AGGRESSIVE;
				CLANG_WARN_UNREACHABLE_CODE = YES;
				CLANG_WARN__DUPLICATE_METHOD_MATCH = YES;
				CODE_SIGN_IDENTITY = "iPhone Developer";
				COPY_PHASE_STRIP = NO;
				DEBUG_INFORMATION_FORMAT = dwarf;
				ENABLE_STRICT_OBJC_MSGSEND = YES;
				ENABLE_TESTABILITY = YES;
				GCC_C_LANGUAGE_STANDARD = gnu11;
				GCC_DYNAMIC_NO_PIC = NO;
				GCC_NO_COMMON_BLOCKS = YES;
				GCC_OPTIMIZATION_LEVEL = 0;
				GCC_PREPROCESSOR_DEFINITIONS = (
					"DEBUG=1",
					"$(inherited)",
				);
				GCC_WARN_64_TO_32_BIT_CONVERSION = YES;
				GCC_WARN_ABOUT_RETURN_TYPE = YES_ERROR;
				GCC_WARN_UNDECLARED_SELECTOR = YES;
				GCC_WARN_UNINITIALIZED_AUTOS = YES_AGGRESSIVE;
				GCC_WARN_UNUSED_FUNCTION = YES;
				GCC_WARN_UNUSED_VARIABLE = YES;
				IPHONEOS_DEPLOYMENT_TARGET = 11.2;
				MTL_ENABLE_DEBUG_INFO = YES;
				ONLY_ACTIVE_ARCH = YES;
				SDKROOT = iphoneos;
				SWIFT_ACTIVE_COMPILATION_CONDITIONS = DEBUG;
				SWIFT_OPTIMIZATION_LEVEL = "-Onone";
			};
			name = Debug;
		};
		B3A440DE2025A9F4005DC45C /* Release */ = {
			isa = XCBuildConfiguration;
			buildSettings = {
				ALWAYS_SEARCH_USER_PATHS = NO;
				CLANG_ANALYZER_NONNULL = YES;
				CLANG_ANALYZER_NUMBER_OBJECT_CONVERSION = YES_AGGRESSIVE;
				CLANG_CXX_LANGUAGE_STANDARD = "gnu++14";
				CLANG_CXX_LIBRARY = "libc++";
				CLANG_ENABLE_MODULES = YES;
				CLANG_ENABLE_OBJC_ARC = YES;
				CLANG_WARN_BLOCK_CAPTURE_AUTORELEASING = YES;
				CLANG_WARN_BOOL_CONVERSION = YES;
				CLANG_WARN_COMMA = YES;
				CLANG_WARN_CONSTANT_CONVERSION = YES;
				CLANG_WARN_DIRECT_OBJC_ISA_USAGE = YES_ERROR;
				CLANG_WARN_DOCUMENTATION_COMMENTS = YES;
				CLANG_WARN_EMPTY_BODY = YES;
				CLANG_WARN_ENUM_CONVERSION = YES;
				CLANG_WARN_INFINITE_RECURSION = YES;
				CLANG_WARN_INT_CONVERSION = YES;
				CLANG_WARN_NON_LITERAL_NULL_CONVERSION = YES;
				CLANG_WARN_OBJC_LITERAL_CONVERSION = YES;
				CLANG_WARN_OBJC_ROOT_CLASS = YES_ERROR;
				CLANG_WARN_RANGE_LOOP_ANALYSIS = YES;
				CLANG_WARN_STRICT_PROTOTYPES = YES;
				CLANG_WARN_SUSPICIOUS_MOVE = YES;
				CLANG_WARN_UNGUARDED_AVAILABILITY = YES_AGGRESSIVE;
				CLANG_WARN_UNREACHABLE_CODE = YES;
				CLANG_WARN__DUPLICATE_METHOD_MATCH = YES;
				CODE_SIGN_IDENTITY = "iPhone Developer";
				COPY_PHASE_STRIP = NO;
				DEBUG_INFORMATION_FORMAT = "dwarf-with-dsym";
				ENABLE_NS_ASSERTIONS = NO;
				ENABLE_STRICT_OBJC_MSGSEND = YES;
				GCC_C_LANGUAGE_STANDARD = gnu11;
				GCC_NO_COMMON_BLOCKS = YES;
				GCC_WARN_64_TO_32_BIT_CONVERSION = YES;
				GCC_WARN_ABOUT_RETURN_TYPE = YES_ERROR;
				GCC_WARN_UNDECLARED_SELECTOR = YES;
				GCC_WARN_UNINITIALIZED_AUTOS = YES_AGGRESSIVE;
				GCC_WARN_UNUSED_FUNCTION = YES;
				GCC_WARN_UNUSED_VARIABLE = YES;
				IPHONEOS_DEPLOYMENT_TARGET = 11.2;
				MTL_ENABLE_DEBUG_INFO = NO;
				SDKROOT = iphoneos;
				SWIFT_OPTIMIZATION_LEVEL = "-Owholemodule";
				VALIDATE_PRODUCT = YES;
			};
			name = Release;
		};
		B3A440E02025A9F4005DC45C /* Debug */ = {
			isa = XCBuildConfiguration;
			buildSettings = {
				ASSETCATALOG_COMPILER_APPICON_NAME = AppIcon;
				CODE_SIGN_STYLE = Automatic;
				DEVELOPMENT_TEAM = 25M9266LN7;
				FRAMEWORK_SEARCH_PATHS = (
					"$(inherited)",
					"$(PROJECT_DIR)",
				);
				INFOPLIST_FILE = RoboTaxi_App/Info.plist;
				LD_RUNPATH_SEARCH_PATHS = "$(inherited) @executable_path/Frameworks";
				PRODUCT_BUNDLE_IDENTIFIER = "com.cosc.RoboTaxi-App";
				PRODUCT_NAME = "$(TARGET_NAME)";
				SWIFT_VERSION = 4.0;
				TARGETED_DEVICE_FAMILY = "1,2";
			};
			name = Debug;
		};
		B3A440E12025A9F4005DC45C /* Release */ = {
			isa = XCBuildConfiguration;
			buildSettings = {
				ASSETCATALOG_COMPILER_APPICON_NAME = AppIcon;
				CODE_SIGN_STYLE = Automatic;
				DEVELOPMENT_TEAM = 25M9266LN7;
				FRAMEWORK_SEARCH_PATHS = (
					"$(inherited)",
					"$(PROJECT_DIR)",
				);
				INFOPLIST_FILE = RoboTaxi_App/Info.plist;
				LD_RUNPATH_SEARCH_PATHS = "$(inherited) @executable_path/Frameworks";
				PRODUCT_BUNDLE_IDENTIFIER = "com.cosc.RoboTaxi-App";
				PRODUCT_NAME = "$(TARGET_NAME)";
				SWIFT_VERSION = 4.0;
				TARGETED_DEVICE_FAMILY = "1,2";
			};
			name = Release;
		};
		B3A440E32025A9F4005DC45C /* Debug */ = {
			isa = XCBuildConfiguration;
			buildSettings = {
				ALWAYS_EMBED_SWIFT_STANDARD_LIBRARIES = YES;
				BUNDLE_LOADER = "$(TEST_HOST)";
				CODE_SIGN_STYLE = Automatic;
				DEVELOPMENT_TEAM = 25M9266LN7;
				INFOPLIST_FILE = RoboTaxi_AppTests/Info.plist;
				LD_RUNPATH_SEARCH_PATHS = "$(inherited) @executable_path/Frameworks @loader_path/Frameworks";
				PRODUCT_BUNDLE_IDENTIFIER = "com.cosc.RoboTaxi-AppTests";
				PRODUCT_NAME = "$(TARGET_NAME)";
				SWIFT_VERSION = 4.0;
				TARGETED_DEVICE_FAMILY = "1,2";
				TEST_HOST = "$(BUILT_PRODUCTS_DIR)/RoboTaxi_App.app/RoboTaxi_App";
			};
			name = Debug;
		};
		B3A440E42025A9F4005DC45C /* Release */ = {
			isa = XCBuildConfiguration;
			buildSettings = {
				ALWAYS_EMBED_SWIFT_STANDARD_LIBRARIES = YES;
				BUNDLE_LOADER = "$(TEST_HOST)";
				CODE_SIGN_STYLE = Automatic;
				DEVELOPMENT_TEAM = 25M9266LN7;
				INFOPLIST_FILE = RoboTaxi_AppTests/Info.plist;
				LD_RUNPATH_SEARCH_PATHS = "$(inherited) @executable_path/Frameworks @loader_path/Frameworks";
				PRODUCT_BUNDLE_IDENTIFIER = "com.cosc.RoboTaxi-AppTests";
				PRODUCT_NAME = "$(TARGET_NAME)";
				SWIFT_VERSION = 4.0;
				TARGETED_DEVICE_FAMILY = "1,2";
				TEST_HOST = "$(BUILT_PRODUCTS_DIR)/RoboTaxi_App.app/RoboTaxi_App";
			};
			name = Release;
		};
/* End XCBuildConfiguration section */

/* Begin XCConfigurationList section */
		B3A440BD2025A9F4005DC45C /* Build configuration list for PBXProject "RoboTaxi_App" */ = {
			isa = XCConfigurationList;
			buildConfigurations = (
				B3A440DD2025A9F4005DC45C /* Debug */,
				B3A440DE2025A9F4005DC45C /* Release */,
			);
			defaultConfigurationIsVisible = 0;
			defaultConfigurationName = Release;
		};
		B3A440DF2025A9F4005DC45C /* Build configuration list for PBXNativeTarget "RoboTaxi_App" */ = {
			isa = XCConfigurationList;
			buildConfigurations = (
				B3A440E02025A9F4005DC45C /* Debug */,
				B3A440E12025A9F4005DC45C /* Release */,
			);
			defaultConfigurationIsVisible = 0;
			defaultConfigurationName = Release;
		};
		B3A440E22025A9F4005DC45C /* Build configuration list for PBXNativeTarget "RoboTaxi_AppTests" */ = {
			isa = XCConfigurationList;
			buildConfigurations = (
				B3A440E32025A9F4005DC45C /* Debug */,
				B3A440E42025A9F4005DC45C /* Release */,
			);
			defaultConfigurationIsVisible = 0;
			defaultConfigurationName = Release;
		};
/* End XCConfigurationList section */
	};
	rootObject = B3A440BA2025A9F4005DC45C /* Project object */;
}
